
Microsoft Visual Studio Solution File, Format Version 12.00
# Visual Studio 14
VisualStudioVersion = 14.0.24720.0
MinimumVisualStudioVersion = 10.0.40219.1
Project("{FAE04EC0-301F-11D3-BF4B-00C04F79EFBC}") = "SingleShot", "SingleShot\SingleShot.csproj", "{06A0D13B-5F51-44AB-AC02-57C2012B077D}"
EndProject
Global
	GlobalSection(SolutionConfigurationPlatforms) = preSolution
		Debug|Any CPU = Debug|Any CPU
		Release|Any CPU = Release|Any CPU
	EndGlobalSection
	GlobalSection(ProjectConfigurationPlatforms) = postSolution
		{06A0D13B-5F51-44AB-AC02-57C2012B077D}.Debug|Any CPU.ActiveCfg = Debug|Any CPU
		{06A0D13B-5F51-44AB-AC02-57C2012B077D}.Debug|Any CPU.Build.0 = Debug|Any CPU
		{06A0D13B-5F51-44AB-AC02-57C2012B077D}.Release|Any CPU.ActiveCfg = Release|Any CPU
		{06A0D13B-5F51-44AB-AC02-57C2012B077D}.Release|Any CPU.Build.0 = Release|Any CPU
	EndGlobalSection
	GlobalSection(SolutionProperties) = preSolution
		HideSolutionNode = FALSE
	EndGlobalSection
EndGlobal
